
Microsoft Visual Studio Solution File, Format Version 12.00
# Visual Studio Version 17
VisualStudioVersion = 17.9.34723.18
MinimumVisualStudioVersion = 10.0.40219.1
Project("{FAE04EC0-301F-11D3-BF4B-00C04F79EFBC}") = "libwhm", "libwhm\libwhm.csproj", "{C7E16A89-CFF4-4596-87DB-F5AD14A8A520}"
EndProject
Project("{FAE04EC0-301F-11D3-BF4B-00C04F79EFBC}") = "test", "test\test.csproj", "{3E59E69B-41F4-4274-91A5-640FE0E71F83}"
EndProject
Global
	GlobalSection(SolutionConfigurationPlatforms) = preSolution
		Debug|Any CPU = Debug|Any CPU
		Release|Any CPU = Release|Any CPU
	EndGlobalSection
	GlobalSection(ProjectConfigurationPlatforms) = postSolution
		{C7E16A89-CFF4-4596-87DB-F5AD14A8A520}.Debug|Any CPU.ActiveCfg = Debug|Any CPU
		{C7E16A89-CFF4-4596-87DB-F5AD14A8A520}.Debug|Any CPU.Build.0 = Debug|Any CPU
		{C7E16A89-CFF4-4596-87DB-F5AD14A8A520}.Release|Any CPU.ActiveCfg = Release|Any CPU
		{C7E16A89-CFF4-4596-87DB-F5AD14A8A520}.Release|Any CPU.Build.0 = Release|Any CPU
		{3E59E69B-41F4-4274-91A5-640FE0E71F83}.Debug|Any CPU.ActiveCfg = Debug|Any CPU
		{3E59E69B-41F4-4274-91A5-640FE0E71F83}.Debug|Any CPU.Build.0 = Debug|Any CPU
		{3E59E69B-41F4-4274-91A5-640FE0E71F83}.Release|Any CPU.ActiveCfg = Release|Any CPU
		{3E59E69B-41F4-4274-91A5-640FE0E71F83}.Release|Any CPU.Build.0 = Release|Any CPU
	EndGlobalSection
	GlobalSection(SolutionProperties) = preSolution
		HideSolutionNode = FALSE
	EndGlobalSection
	GlobalSection(ExtensibilityGlobals) = postSolution
		SolutionGuid = {2D3991A1-2C58-441D-9120-7DFCB3299291}
	EndGlobalSection
EndGlobal
